
Microsoft Visual Studio Solution File, Format Version 12.00
# Visual Studio Version 17
VisualStudioVersion = 17.7.34031.279
MinimumVisualStudioVersion = 10.0.40219.1
Project("{FAE04EC0-301F-11D3-BF4B-00C04F79EFBC}") = "Hastane Otomasyonu", "Hastane Otomasyonu\Hastane Otomasyonu.csproj", "{125F7988-3857-48DC-ABA0-23E2303750E6}"
EndProject
Global
	GlobalSection(SolutionConfigurationPlatforms) = preSolution
		Debug|Any CPU = Debug|Any CPU
		Release|Any CPU = Release|Any CPU
	EndGlobalSection
	GlobalSection(ProjectConfigurationPlatforms) = postSolution
		{125F7988-3857-48DC-ABA0-23E2303750E6}.Debug|Any CPU.ActiveCfg = Debug|Any CPU
		{125F7988-3857-48DC-ABA0-23E2303750E6}.Debug|Any CPU.Build.0 = Debug|Any CPU
		{125F7988-3857-48DC-ABA0-23E2303750E6}.Release|Any CPU.ActiveCfg = Release|Any CPU
		{125F7988-3857-48DC-ABA0-23E2303750E6}.Release|Any CPU.Build.0 = Release|Any CPU
	EndGlobalSection
	GlobalSection(SolutionProperties) = preSolution
		HideSolutionNode = FALSE
	EndGlobalSection
	GlobalSection(ExtensibilityGlobals) = postSolution
		SolutionGuid = {98CD0149-2BB1-41AE-9E56-28EA8649BF06}
	EndGlobalSection
EndGlobal
